{"slug": "api-error-contract", "phase": "review", "key": "branch:main", "writer": "luna-fast@default", "fencing_token": "2026-08-23T13:51:08Z-22371", "config_rev": "f2d6e17eaadace3f3a0aafc3d1a1fc97fb89dda1", "snapshot_id": "1d6712e33f2a8d854775e96c74698ecd094adfdad5f4257112a62a907459645c", "agent_digests": {"luna-fast": "3dedbe4cefeedfeb7188279c6a6cbb7831cbfa56a9915b64c599c45e380c7604", "sol-reviewer": "7af9593389ca4212fd4eb283c2fe6a408c3827f3a45ddee59dc8e0eba39d8400", "terra-pro": "70fbe1de38a25f2f5f33a9d6bc5a5cee3c425b849672671d5a8a1d1ca6aed317", "designer": "7a22bb9dadfcdec7e9009d6dbb13c87cc35ccb2e7e85b44703a912552466fc0f", "opus-reviewer": "03027003530ec0f798cb7d389c9e901f6d09ff8f7535a7081cf3b700fa3128d9"}, "acquired_utc": "2026-08-23T13:51:08Z", "pushed_sha": "81865fc"}